
Microsoft Visual Studio Solution File, Format Version 12.00
# Visual Studio Version 16
VisualStudioVersion = 16.0.31624.102
MinimumVisualStudioVersion = 10.0.40219.1
Project("{9A19103F-16F7-4668-BE54-9A1E7A4F7556}") = "EWSApiExampleApp", "EWSApiExampleApp\EWSApiExampleApp.csproj", "{68E5CAC6-4CEB-4B58-84E9-E49FEB5BBD36}"
EndProject
Global
	GlobalSection(SolutionConfigurationPlatforms) = preSolution
		Debug|Any CPU = Debug|Any CPU
		Release|Any CPU = Release|Any CPU
	EndGlobalSection
	GlobalSection(ProjectConfigurationPlatforms) = postSolution
		{68E5CAC6-4CEB-4B58-84E9-E49FEB5BBD36}.Debug|Any CPU.ActiveCfg = Debug|Any CPU
		{68E5CAC6-4CEB-4B58-84E9-E49FEB5BBD36}.Debug|Any CPU.Build.0 = Debug|Any CPU
		{68E5CAC6-4CEB-4B58-84E9-E49FEB5BBD36}.Release|Any CPU.ActiveCfg = Release|Any CPU
		{68E5CAC6-4CEB-4B58-84E9-E49FEB5BBD36}.Release|Any CPU.Build.0 = Release|Any CPU
	EndGlobalSection
	GlobalSection(SolutionProperties) = preSolution
		HideSolutionNode = FALSE
	EndGlobalSection
	GlobalSection(ExtensibilityGlobals) = postSolution
		SolutionGuid = {F4096E7C-2150-4F8A-BBED-89C9F250846E}
	EndGlobalSection
EndGlobal
